// !$*UTF8*$!
{
	archiveVersion = 1;
	classes = {
	};
	objectVersion = 51;
	objects = {

/* Begin PBXBuildFile section */
		0D6F1838234E6866004E168D /* Main.storyboard in Resources */ = {isa = PBXBuildFile; fileRef = 0D6F1837234E6866004E168D /* Main.storyboard */; };
		0D6F1841234E68C8004E168D /* MainViewController.swift in Sources */ = {isa = PBXBuildFile; fileRef = 0D6F1840234E68C8004E168D /* MainViewController.swift */; };
		0D6F1847234FDDE1004E168D /* WeatherData.swift in Sources */ = {isa = PBXBuildFile; fileRef = 0D6F1846234FDDE1004E168D /* WeatherData.swift */; };
		0D6F184B2352812E004E168D /* WeatherManager.swift in Sources */ = {isa = PBXBuildFile; fileRef = 0D6F184A2352812E004E168D /* WeatherManager.swift */; };
		0D6F184D23528EFB004E168D /* WeatherModel.swift in Sources */ = {isa = PBXBuildFile; fileRef = 0D6F184C23528EFB004E168D /* WeatherModel.swift */; };
		0D6F188F2354E153004E168D /* EventManager.swift in Sources */ = {isa = PBXBuildFile; fileRef = 0D6F188E2354E153004E168D /* EventManager.swift */; };
		0D6F18912354E193004E168D /* EventData.swift in Sources */ = {isa = PBXBuildFile; fileRef = 0D6F18902354E193004E168D /* EventData.swift */; };
		0D6F18932354E19F004E168D /* EventModel.swift in Sources */ = {isa = PBXBuildFile; fileRef = 0D6F18922354E19F004E168D /* EventModel.swift */; };
		0DEFA210234E67D8006792D3 /* AppDelegate.swift in Sources */ = {isa = PBXBuildFile; fileRef = 0DEFA20F234E67D8006792D3 /* AppDelegate.swift */; };
		0DEFA212234E67D8006792D3 /* SceneDelegate.swift in Sources */ = {isa = PBXBuildFile; fileRef = 0DEFA211234E67D8006792D3 /* SceneDelegate.swift */; };
		0DEFA219234E67D9006792D3 /* Assets.xcassets in Resources */ = {isa = PBXBuildFile; fileRef = 0DEFA218234E67D9006792D3 /* Assets.xcassets */; };
		0DEFA21C234E67D9006792D3 /* LaunchScreen.storyboard in Resources */ = {isa = PBXBuildFile; fileRef = 0DEFA21A234E67D9006792D3 /* LaunchScreen.storyboard */; };
		0DEFA227234E67D9006792D3 /* ClimawatchTests.swift in Sources */ = {isa = PBXBuildFile; fileRef = 0DEFA226234E67D9006792D3 /* ClimawatchTests.swift */; };
		0DEFA232234E67D9006792D3 /* ClimawatchUITests.swift in Sources */ = {isa = PBXBuildFile; fileRef = 0DEFA231234E67D9006792D3 /* ClimawatchUITests.swift */; };
		7149D711B29AA4D72F3FBFD6 /* Pods_ClimawatchTests.framework in Frameworks */ = {isa = PBXBuildFile; fileRef = 10E2A473313ABFE5B2F987D8 /* Pods_ClimawatchTests.framework */; };
		7819F25D512D7D4B788AD277 /* Pods_Climawatch.framework in Frameworks */ = {isa = PBXBuildFile; fileRef = 0C22B3BF8713D2DF6594E760 /* Pods_Climawatch.framework */; };
		C407EE0BAADF63B891575D4B /* Pods_Climawatch_ClimawatchUITests.framework in Frameworks */ = {isa = PBXBuildFile; fileRef = 0BA2659B26C3BE9F89BDB022 /* Pods_Climawatch_ClimawatchUITests.framework */; };
/* End PBXBuildFile section */

/* Begin PBXContainerItemProxy section */
		0DEFA223234E67D9006792D3 /* PBXContainerItemProxy */ = {
			isa = PBXContainerItemProxy;
			containerPortal = 0DEFA204234E67D8006792D3 /* Project object */;
			proxyType = 1;
			remoteGlobalIDString = 0DEFA20B234E67D8006792D3;
			remoteInfo = Climawatch;
		};
		0DEFA22E234E67D9006792D3 /* PBXContainerItemProxy */ = {
			isa = PBXContainerItemProxy;
			containerPortal = 0DEFA204234E67D8006792D3 /* Project object */;
			proxyType = 1;
			remoteGlobalIDString = 0DEFA20B234E67D8006792D3;
			remoteInfo = Climawatch;
		};
/* End PBXContainerItemProxy section */

/* Begin PBXFileReference section */
		03D74F2D5BFD9971FC3D45B1 /* Pods-Climawatch.debug.xcconfig */ = {isa = PBXFileReference; includeInIndex = 1; lastKnownFileType = text.xcconfig; name = "Pods-Climawatch.debug.xcconfig"; path = "Target Support Files/Pods-Climawatch/Pods-Climawatch.debug.xcconfig"; sourceTree = "<group>"; };
		0BA2659B26C3BE9F89BDB022 /* Pods_Climawatch_ClimawatchUITests.framework */ = {isa = PBXFileReference; explicitFileType = wrapper.framework; includeInIndex = 0; path = Pods_Climawatch_ClimawatchUITests.framework; sourceTree = BUILT_PRODUCTS_DIR; };
		0C22B3BF8713D2DF6594E760 /* Pods_Climawatch.framework */ = {isa = PBXFileReference; explicitFileType = wrapper.framework; includeInIndex = 0; path = Pods_Climawatch.framework; sourceTree = BUILT_PRODUCTS_DIR; };
		0D6F1837234E6866004E168D /* Main.storyboard */ = {isa = PBXFileReference; fileEncoding = 4; lastKnownFileType = file.storyboard; path = Main.storyboard; sourceTree = "<group>"; };
		0D6F1840234E68C8004E168D /* MainViewController.swift */ = {isa = PBXFileReference; lastKnownFileType = sourcecode.swift; path = MainViewController.swift; sourceTree = "<group>"; };
		0D6F1846234FDDE1004E168D /* WeatherData.swift */ = {isa = PBXFileReference; lastKnownFileType = sourcecode.swift; path = WeatherData.swift; sourceTree = "<group>"; };
		0D6F184A2352812E004E168D /* WeatherManager.swift */ = {isa = PBXFileReference; lastKnownFileType = sourcecode.swift; path = WeatherManager.swift; sourceTree = "<group>"; };
		0D6F184C23528EFB004E168D /* WeatherModel.swift */ = {isa = PBXFileReference; lastKnownFileType = sourcecode.swift; path = WeatherModel.swift; sourceTree = "<group>"; };
		0D6F188E2354E153004E168D /* EventManager.swift */ = {isa = PBXFileReference; lastKnownFileType = sourcecode.swift; path = EventManager.swift; sourceTree = "<group>"; };
		0D6F18902354E193004E168D /* EventData.swift */ = {isa = PBXFileReference; lastKnownFileType = sourcecode.swift; path = EventData.swift; sourceTree = "<group>"; };
		0D6F18922354E19F004E168D /* EventModel.swift */ = {isa = PBXFileReference; lastKnownFileType = sourcecode.swift; path = EventModel.swift; sourceTree = "<group>"; };
		0DEFA20C234E67D8006792D3 /* Climawatch.app */ = {isa = PBXFileReference; explicitFileType = wrapper.application; includeInIndex = 0; path = Climawatch.app; sourceTree = BUILT_PRODUCTS_DIR; };
		0DEFA20F234E67D8006792D3 /* AppDelegate.swift */ = {isa = PBXFileReference; lastKnownFileType = sourcecode.swift; path = AppDelegate.swift; sourceTree = "<group>"; };
		0DEFA211234E67D8006792D3 /* SceneDelegate.swift */ = {isa = PBXFileReference; lastKnownFileType = sourcecode.swift; path = SceneDelegate.swift; sourceTree = "<group>"; };
		0DEFA218234E67D9006792D3 /* Assets.xcassets */ = {isa = PBXFileReference; lastKnownFileType = folder.assetcatalog; path = Assets.xcassets; sourceTree = "<group>"; };
		0DEFA21B234E67D9006792D3 /* Base */ = {isa = PBXFileReference; lastKnownFileType = file.storyboard; name = Base; path = Base.lproj/LaunchScreen.storyboard; sourceTree = "<group>"; };
		0DEFA21D234E67D9006792D3 /* Info.plist */ = {isa = PBXFileReference; lastKnownFileType = text.plist.xml; path = Info.plist; sourceTree = "<group>"; };
		0DEFA222234E67D9006792D3 /* ClimawatchTests.xctest */ = {isa = PBXFileReference; explicitFileType = wrapper.cfbundle; includeInIndex = 0; path = ClimawatchTests.xctest; sourceTree = BUILT_PRODUCTS_DIR; };
		0DEFA226234E67D9006792D3 /* ClimawatchTests.swift */ = {isa = PBXFileReference; lastKnownFileType = sourcecode.swift; path = ClimawatchTests.swift; sourceTree = "<group>"; };
		0DEFA228234E67D9006792D3 /* Info.plist */ = {isa = PBXFileReference; lastKnownFileType = text.plist.xml; path = Info.plist; sourceTree = "<group>"; };
		0DEFA22D234E67D9006792D3 /* ClimawatchUITests.xctest */ = {isa = PBXFileReference; explicitFileType = wrapper.cfbundle; includeInIndex = 0; path = ClimawatchUITests.xctest; sourceTree = BUILT_PRODUCTS_DIR; };
		0DEFA231234E67D9006792D3 /* ClimawatchUITests.swift */ = {isa = PBXFileReference; lastKnownFileType = sourcecode.swift; path = ClimawatchUITests.swift; sourceTree = "<group>"; };
		0DEFA233234E67D9006792D3 /* Info.plist */ = {isa = PBXFileReference; lastKnownFileType = text.plist.xml; path = Info.plist; sourceTree = "<group>"; };
		10E2A473313ABFE5B2F987D8 /* Pods_ClimawatchTests.framework */ = {isa = PBXFileReference; explicitFileType = wrapper.framework; includeInIndex = 0; path = Pods_ClimawatchTests.framework; sourceTree = BUILT_PRODUCTS_DIR; };
		8A682720114BC287C2ABB721 /* Pods-ClimawatchTests.debug.xcconfig */ = {isa = PBXFileReference; includeInIndex = 1; lastKnownFileType = text.xcconfig; name = "Pods-ClimawatchTests.debug.xcconfig"; path = "Target Support Files/Pods-ClimawatchTests/Pods-ClimawatchTests.debug.xcconfig"; sourceTree = "<group>"; };
		973B334AD78C08E642BDA32E /* Pods-Climawatch.release.xcconfig */ = {isa = PBXFileReference; includeInIndex = 1; lastKnownFileType = text.xcconfig; name = "Pods-Climawatch.release.xcconfig"; path = "Target Support Files/Pods-Climawatch/Pods-Climawatch.release.xcconfig"; sourceTree = "<group>"; };
		B00B603DC245C829DC91E3A4 /* Pods-Climawatch-ClimawatchUITests.release.xcconfig */ = {isa = PBXFileReference; includeInIndex = 1; lastKnownFileType = text.xcconfig; name = "Pods-Climawatch-ClimawatchUITests.release.xcconfig"; path = "Target Support Files/Pods-Climawatch-ClimawatchUITests/Pods-Climawatch-ClimawatchUITests.release.xcconfig"; sourceTree = "<group>"; };
		B1A24994878DBDC0A9A605D3 /* Pods-Climawatch-ClimawatchUITests.debug.xcconfig */ = {isa = PBXFileReference; includeInIndex = 1; lastKnownFileType = text.xcconfig; name = "Pods-Climawatch-ClimawatchUITests.debug.xcconfig"; path = "Target Support Files/Pods-Climawatch-ClimawatchUITests/Pods-Climawatch-ClimawatchUITests.debug.xcconfig"; sourceTree = "<group>"; };
		F520EE081C24D4A0462301AF /* Pods-ClimawatchTests.release.xcconfig */ = {isa = PBXFileReference; includeInIndex = 1; lastKnownFileType = text.xcconfig; name = "Pods-ClimawatchTests.release.xcconfig"; path = "Target Support Files/Pods-ClimawatchTests/Pods-ClimawatchTests.release.xcconfig"; sourceTree = "<group>"; };
/* End PBXFileReference section */

/* Begin PBXFrameworksBuildPhase section */
		0DEFA209234E67D8006792D3 /* Frameworks */ = {
			isa = PBXFrameworksBuildPhase;
			buildActionMask = 2147483647;
			files = (
				7819F25D512D7D4B788AD277 /* Pods_Climawatch.framework in Frameworks */,
			);
			runOnlyForDeploymentPostprocessing = 0;
		};
		0DEFA21F234E67D9006792D3 /* Frameworks */ = {
			isa = PBXFrameworksBuildPhase;
			buildActionMask = 2147483647;
			files = (
				7149D711B29AA4D72F3FBFD6 /* Pods_ClimawatchTests.framework in Frameworks */,
			);
			runOnlyForDeploymentPostprocessing = 0;
		};
		0DEFA22A234E67D9006792D3 /* Frameworks */ = {
			isa = PBXFrameworksBuildPhase;
			buildActionMask = 2147483647;
			files = (
				C407EE0BAADF63B891575D4B /* Pods_Climawatch_ClimawatchUITests.framework in Frameworks */,
			);
			runOnlyForDeploymentPostprocessing = 0;
		};
/* End PBXFrameworksBuildPhase section */

/* Begin PBXGroup section */
		0D6F183D234E688E004E168D /* Controllers */ = {
			isa = PBXGroup;
			children = (
				0D6F1840234E68C8004E168D /* MainViewController.swift */,
			);
			path = Controllers;
			sourceTree = "<group>";
		};
		0D6F1844234FDD09004E168D /* Foundation */ = {
			isa = PBXGroup;
			children = (
				0DEFA218234E67D9006792D3 /* Assets.xcassets */,
				0DEFA21A234E67D9006792D3 /* LaunchScreen.storyboard */,
				0DEFA211234E67D8006792D3 /* SceneDelegate.swift */,
			);
			path = Foundation;
			sourceTree = "<group>";
		};
		0D6F1845234FDDCD004E168D /* Models */ = {
			isa = PBXGroup;
			children = (
				0D6F188D2354E11F004E168D /* EventData */,
				0D6F188C2354E114004E168D /* WeatherData */,
			);
			path = Models;
			sourceTree = "<group>";
		};
		0D6F188C2354E114004E168D /* WeatherData */ = {
			isa = PBXGroup;
			children = (
				0D6F1846234FDDE1004E168D /* WeatherData.swift */,
				0D6F184A2352812E004E168D /* WeatherManager.swift */,
				0D6F184C23528EFB004E168D /* WeatherModel.swift */,
			);
			path = WeatherData;
			sourceTree = "<group>";
		};
		0D6F188D2354E11F004E168D /* EventData */ = {
			isa = PBXGroup;
			children = (
				0D6F188E2354E153004E168D /* EventManager.swift */,
				0D6F18902354E193004E168D /* EventData.swift */,
				0D6F18922354E19F004E168D /* EventModel.swift */,
			);
			path = EventData;
			sourceTree = "<group>";
		};
		0DEFA203234E67D8006792D3 = {
			isa = PBXGroup;
			children = (
				0DEFA20E234E67D8006792D3 /* Climawatch */,
				0DEFA225234E67D9006792D3 /* ClimawatchTests */,
				0DEFA230234E67D9006792D3 /* ClimawatchUITests */,
				0DEFA20D234E67D8006792D3 /* Products */,
				47C6C47BAF48F1B4D0123333 /* Pods */,
				45DEB0685EC9386351ACD17D /* Frameworks */,
			);
			sourceTree = "<group>";
		};
		0DEFA20D234E67D8006792D3 /* Products */ = {
			isa = PBXGroup;
			children = (
				0DEFA20C234E67D8006792D3 /* Climawatch.app */,
				0DEFA222234E67D9006792D3 /* ClimawatchTests.xctest */,
				0DEFA22D234E67D9006792D3 /* ClimawatchUITests.xctest */,
			);
			name = Products;
			sourceTree = "<group>";
		};
		0DEFA20E234E67D8006792D3 /* Climawatch */ = {
			isa = PBXGroup;
			children = (
				0DEFA20F234E67D8006792D3 /* AppDelegate.swift */,
				0D6F1837234E6866004E168D /* Main.storyboard */,
				0D6F1845234FDDCD004E168D /* Models */,
				0D6F183D234E688E004E168D /* Controllers */,
				0D6F1844234FDD09004E168D /* Foundation */,
				0DEFA21D234E67D9006792D3 /* Info.plist */,
			);
			path = Climawatch;
			sourceTree = "<group>";
		};
		0DEFA225234E67D9006792D3 /* ClimawatchTests */ = {
			isa = PBXGroup;
			children = (
				0DEFA226234E67D9006792D3 /* ClimawatchTests.swift */,
				0DEFA228234E67D9006792D3 /* Info.plist */,
			);
			path = ClimawatchTests;
			sourceTree = "<group>";
		};
		0DEFA230234E67D9006792D3 /* ClimawatchUITests */ = {
			isa = PBXGroup;
			children = (
				0DEFA231234E67D9006792D3 /* ClimawatchUITests.swift */,
				0DEFA233234E67D9006792D3 /* Info.plist */,
			);
			path = ClimawatchUITests;
			sourceTree = "<group>";
		};
		45DEB0685EC9386351ACD17D /* Frameworks */ = {
			isa = PBXGroup;
			children = (
				0C22B3BF8713D2DF6594E760 /* Pods_Climawatch.framework */,
				0BA2659B26C3BE9F89BDB022 /* Pods_Climawatch_ClimawatchUITests.framework */,
				10E2A473313ABFE5B2F987D8 /* Pods_ClimawatchTests.framework */,
			);
			name = Frameworks;
			sourceTree = "<group>";
		};
		47C6C47BAF48F1B4D0123333 /* Pods */ = {
			isa = PBXGroup;
			children = (
				03D74F2D5BFD9971FC3D45B1 /* Pods-Climawatch.debug.xcconfig */,
				973B334AD78C08E642BDA32E /* Pods-Climawatch.release.xcconfig */,
				B1A24994878DBDC0A9A605D3 /* Pods-Climawatch-ClimawatchUITests.debug.xcconfig */,
				B00B603DC245C829DC91E3A4 /* Pods-Climawatch-ClimawatchUITests.release.xcconfig */,
				8A682720114BC287C2ABB721 /* Pods-ClimawatchTests.debug.xcconfig */,
				F520EE081C24D4A0462301AF /* Pods-ClimawatchTests.release.xcconfig */,
			);
			path = Pods;
			sourceTree = "<group>";
		};
/* End PBXGroup section */

/* Begin PBXNativeTarget section */
		0DEFA20B234E67D8006792D3 /* Climawatch */ = {
			isa = PBXNativeTarget;
			buildConfigurationList = 0DEFA236234E67D9006792D3 /* Build configuration list for PBXNativeTarget "Climawatch" */;
			buildPhases = (
				2A6C7632304D4FECFFB84316 /* [CP] Check Pods Manifest.lock */,
				0DEFA208234E67D8006792D3 /* Sources */,
				0DEFA209234E67D8006792D3 /* Frameworks */,
				0DEFA20A234E67D8006792D3 /* Resources */,
				1827F60461F9A210076D2891 /* [CP] Embed Pods Frameworks */,
			);
			buildRules = (
			);
			dependencies = (
			);
			name = Climawatch;
			productName = Climawatch;
			productReference = 0DEFA20C234E67D8006792D3 /* Climawatch.app */;
			productType = "com.apple.product-type.application";
		};
		0DEFA221234E67D9006792D3 /* ClimawatchTests */ = {
			isa = PBXNativeTarget;
			buildConfigurationList = 0DEFA239234E67D9006792D3 /* Build configuration list for PBXNativeTarget "ClimawatchTests" */;
			buildPhases = (
				BBA9CBB260F237CF58E1C266 /* [CP] Check Pods Manifest.lock */,
				0DEFA21E234E67D9006792D3 /* Sources */,
				0DEFA21F234E67D9006792D3 /* Frameworks */,
				0DEFA220234E67D9006792D3 /* Resources */,
			);
			buildRules = (
			);
			dependencies = (
				0DEFA224234E67D9006792D3 /* PBXTargetDependency */,
			);
			name = ClimawatchTests;
			productName = ClimawatchTests;
			productReference = 0DEFA222234E67D9006792D3 /* ClimawatchTests.xctest */;
			productType = "com.apple.product-type.bundle.unit-test";
		};
		0DEFA22C234E67D9006792D3 /* ClimawatchUITests */ = {
			isa = PBXNativeTarget;
			buildConfigurationList = 0DEFA23C234E67D9006792D3 /* Build configuration list for PBXNativeTarget "ClimawatchUITests" */;
			buildPhases = (
				5D785868412B96CB8A8CB8C3 /* [CP] Check Pods Manifest.lock */,
				0DEFA229234E67D9006792D3 /* Sources */,
				0DEFA22A234E67D9006792D3 /* Frameworks */,
				0DEFA22B234E67D9006792D3 /* Resources */,
				0670D294F9930FBB37347B06 /* [CP] Embed Pods Frameworks */,
			);
			buildRules = (
			);
			dependencies = (
				0DEFA22F234E67D9006792D3 /* PBXTargetDependency */,
			);
			name = ClimawatchUITests;
			productName = ClimawatchUITests;
			productReference = 0DEFA22D234E67D9006792D3 /* ClimawatchUITests.xctest */;
			productType = "com.apple.product-type.bundle.ui-testing";
		};
/* End PBXNativeTarget section */

/* Begin PBXProject section */
		0DEFA204234E67D8006792D3 /* Project object */ = {
			isa = PBXProject;
			attributes = {
				LastSwiftUpdateCheck = 1100;
				LastUpgradeCheck = 1100;
				ORGANIZATIONNAME = "Opulent Apps";
				TargetAttributes = {
					0DEFA20B234E67D8006792D3 = {
						CreatedOnToolsVersion = 11.0;
					};
					0DEFA221234E67D9006792D3 = {
						CreatedOnToolsVersion = 11.0;
						TestTargetID = 0DEFA20B234E67D8006792D3;
					};
					0DEFA22C234E67D9006792D3 = {
						CreatedOnToolsVersion = 11.0;
						TestTargetID = 0DEFA20B234E67D8006792D3;
					};
				};
			};
			buildConfigurationList = 0DEFA207234E67D8006792D3 /* Build configuration list for PBXProject "Climawatch" */;
			compatibilityVersion = "Xcode 9.3";
			developmentRegion = en;
			hasScannedForEncodings = 0;
			knownRegions = (
				en,
				Base,
			);
			mainGroup = 0DEFA203234E67D8006792D3;
			productRefGroup = 0DEFA20D234E67D8006792D3 /* Products */;
			projectDirPath = "";
			projectRoot = "";
			targets = (
				0DEFA20B234E67D8006792D3 /* Climawatch */,
				0DEFA221234E67D9006792D3 /* ClimawatchTests */,
				0DEFA22C234E67D9006792D3 /* ClimawatchUITests */,
			);
		};
/* End PBXProject section */

/* Begin PBXResourcesBuildPhase section */
		0DEFA20A234E67D8006792D3 /* Resources */ = {
			isa = PBXResourcesBuildPhase;
			buildActionMask = 2147483647;
			files = (
				0D6F1838234E6866004E168D /* Main.storyboard in Resources */,
				0DEFA21C234E67D9006792D3 /* LaunchScreen.storyboard in Resources */,
				0DEFA219234E67D9006792D3 /* Assets.xcassets in Resources */,
			);
			runOnlyForDeploymentPostprocessing = 0;
		};
		0DEFA220234E67D9006792D3 /* Resources */ = {
			isa = PBXResourcesBuildPhase;
			buildActionMask = 2147483647;
			files = (
			);
			runOnlyForDeploymentPostprocessing = 0;
		};
		0DEFA22B234E67D9006792D3 /* Resources */ = {
			isa = PBXResourcesBuildPhase;
			buildActionMask = 2147483647;
			files = (
			);
			runOnlyForDeploymentPostprocessing = 0;
		};
/* End PBXResourcesBuildPhase section */

/* Begin PBXShellScriptBuildPhase section */
		0670D294F9930FBB37347B06 /* [CP] Embed Pods Frameworks */ = {
			isa = PBXShellScriptBuildPhase;
			buildActionMask = 2147483647;
			files = (
			);
			inputFileListPaths = (
				"${PODS_ROOT}/Target Support Files/Pods-Climawatch-ClimawatchUITests/Pods-Climawatch-ClimawatchUITests-frameworks-${CONFIGURATION}-input-files.xcfilelist",
			);
			name = "[CP] Embed Pods Frameworks";
			outputFileListPaths = (
				"${PODS_ROOT}/Target Support Files/Pods-Climawatch-ClimawatchUITests/Pods-Climawatch-ClimawatchUITests-frameworks-${CONFIGURATION}-output-files.xcfilelist",
			);
			runOnlyForDeploymentPostprocessing = 0;
			shellPath = /bin/sh;
			shellScript = "\"${PODS_ROOT}/Target Support Files/Pods-Climawatch-ClimawatchUITests/Pods-Climawatch-ClimawatchUITests-frameworks.sh\"\n";
			showEnvVarsInLog = 0;
		};
		1827F60461F9A210076D2891 /* [CP] Embed Pods Frameworks */ = {
			isa = PBXShellScriptBuildPhase;
			buildActionMask = 2147483647;
			files = (
			);
			inputFileListPaths = (
				"${PODS_ROOT}/Target Support Files/Pods-Climawatch/Pods-Climawatch-frameworks-${CONFIGURATION}-input-files.xcfilelist",
			);
			name = "[CP] Embed Pods Frameworks";
			outputFileListPaths = (
				"${PODS_ROOT}/Target Support Files/Pods-Climawatch/Pods-Climawatch-frameworks-${CONFIGURATION}-output-files.xcfilelist",
			);
			runOnlyForDeploymentPostprocessing = 0;
			shellPath = /bin/sh;
			shellScript = "\"${PODS_ROOT}/Target Support Files/Pods-Climawatch/Pods-Climawatch-frameworks.sh\"\n";
			showEnvVarsInLog = 0;
		};
		2A6C7632304D4FECFFB84316 /* [CP] Check Pods Manifest.lock */ = {
			isa = PBXShellScriptBuildPhase;
			buildActionMask = 2147483647;
			files = (
			);
			inputFileListPaths = (
			);
			inputPaths = (
				"${PODS_PODFILE_DIR_PATH}/Podfile.lock",
				"${PODS_ROOT}/Manifest.lock",
			);
			name = "[CP] Check Pods Manifest.lock";
			outputFileListPaths = (
			);
			outputPaths = (
				"$(DERIVED_FILE_DIR)/Pods-Climawatch-checkManifestLockResult.txt",
			);
			runOnlyForDeploymentPostprocessing = 0;
			shellPath = /bin/sh;
			shellScript = "diff \"${PODS_PODFILE_DIR_PATH}/Podfile.lock\" \"${PODS_ROOT}/Manifest.lock\" > /dev/null\nif [ $? != 0 ] ; then\n    # print error to STDERR\n    echo \"error: The sandbox is not in sync with the Podfile.lock. Run 'pod install' or update your CocoaPods installation.\" >&2\n    exit 1\nfi\n# This output is used by Xcode 'outputs' to avoid re-running this script phase.\necho \"SUCCESS\" > \"${SCRIPT_OUTPUT_FILE_0}\"\n";
			showEnvVarsInLog = 0;
		};
		5D785868412B96CB8A8CB8C3 /* [CP] Check Pods Manifest.lock */ = {
			isa = PBXShellScriptBuildPhase;
			buildActionMask = 2147483647;
			files = (
			);
			inputFileListPaths = (
			);
			inputPaths = (
				"${PODS_PODFILE_DIR_PATH}/Podfile.lock",
				"${PODS_ROOT}/Manifest.lock",
			);
			name = "[CP] Check Pods Manifest.lock";
			outputFileListPaths = (
			);
			outputPaths = (
				"$(DERIVED_FILE_DIR)/Pods-Climawatch-ClimawatchUITests-checkManifestLockResult.txt",
			);
			runOnlyForDeploymentPostprocessing = 0;
			shellPath = /bin/sh;
			shellScript = "diff \"${PODS_PODFILE_DIR_PATH}/Podfile.lock\" \"${PODS_ROOT}/Manifest.lock\" > /dev/null\nif [ $? != 0 ] ; then\n    # print error to STDERR\n    echo \"error: The sandbox is not in sync with the Podfile.lock. Run 'pod install' or update your CocoaPods installation.\" >&2\n    exit 1\nfi\n# This output is used by Xcode 'outputs' to avoid re-running this script phase.\necho \"SUCCESS\" > \"${SCRIPT_OUTPUT_FILE_0}\"\n";
			showEnvVarsInLog = 0;
		};
		BBA9CBB260F237CF58E1C266 /* [CP] Check Pods Manifest.lock */ = {
			isa = PBXShellScriptBuildPhase;
			buildActionMask = 2147483647;
			files = (
			);
			inputFileListPaths = (
			);
			inputPaths = (
				"${PODS_PODFILE_DIR_PATH}/Podfile.lock",
				"${PODS_ROOT}/Manifest.lock",
			);
			name = "[CP] Check Pods Manifest.lock";
			outputFileListPaths = (
			);
			outputPaths = (
				"$(DERIVED_FILE_DIR)/Pods-ClimawatchTests-checkManifestLockResult.txt",
			);
			runOnlyForDeploymentPostprocessing = 0;
			shellPath = /bin/sh;
			shellScript = "diff \"${PODS_PODFILE_DIR_PATH}/Podfile.lock\" \"${PODS_ROOT}/Manifest.lock\" > /dev/null\nif [ $? != 0 ] ; then\n    # print error to STDERR\n    echo \"error: The sandbox is not in sync with the Podfile.lock. Run 'pod install' or update your CocoaPods installation.\" >&2\n    exit 1\nfi\n# This output is used by Xcode 'outputs' to avoid re-running this script phase.\necho \"SUCCESS\" > \"${SCRIPT_OUTPUT_FILE_0}\"\n";
			showEnvVarsInLog = 0;
		};
/* End PBXShellScriptBuildPhase section */

/* Begin PBXSourcesBuildPhase section */
		0DEFA208234E67D8006792D3 /* Sources */ = {
			isa = PBXSourcesBuildPhase;
			buildActionMask = 2147483647;
			files = (
				0D6F188F2354E153004E168D /* EventManager.swift in Sources */,
				0D6F18932354E19F004E168D /* EventModel.swift in Sources */,
				0D6F184B2352812E004E168D /* WeatherManager.swift in Sources */,
				0DEFA210234E67D8006792D3 /* AppDelegate.swift in Sources */,
				0DEFA212234E67D8006792D3 /* SceneDelegate.swift in Sources */,
				0D6F1847234FDDE1004E168D /* WeatherData.swift in Sources */,
				0D6F184D23528EFB004E168D /* WeatherModel.swift in Sources */,
				0D6F18912354E193004E168D /* EventData.swift in Sources */,
				0D6F1841234E68C8004E168D /* MainViewController.swift in Sources */,
			);
			runOnlyForDeploymentPostprocessing = 0;
		};
		0DEFA21E234E67D9006792D3 /* Sources */ = {
			isa = PBXSourcesBuildPhase;
			buildActionMask = 2147483647;
			files = (
				0DEFA227234E67D9006792D3 /* ClimawatchTests.swift in Sources */,
			);
			runOnlyForDeploymentPostprocessing = 0;
		};
		0DEFA229234E67D9006792D3 /* Sources */ = {
			isa = PBXSourcesBuildPhase;
			buildActionMask = 2147483647;
			files = (
				0DEFA232234E67D9006792D3 /* ClimawatchUITests.swift in Sources */,
			);
			runOnlyForDeploymentPostprocessing = 0;
		};
/* End PBXSourcesBuildPhase section */

/* Begin PBXTargetDependency section */
		0DEFA224234E67D9006792D3 /* PBXTargetDependency */ = {
			isa = PBXTargetDependency;
			target = 0DEFA20B234E67D8006792D3 /* Climawatch */;
			targetProxy = 0DEFA223234E67D9006792D3 /* PBXContainerItemProxy */;
		};
		0DEFA22F234E67D9006792D3 /* PBXTargetDependency */ = {
			isa = PBXTargetDependency;
			target = 0DEFA20B234E67D8006792D3 /* Climawatch */;
			targetProxy = 0DEFA22E234E67D9006792D3 /* PBXContainerItemProxy */;
		};
/* End PBXTargetDependency section */

/* Begin PBXVariantGroup section */
		0DEFA21A234E67D9006792D3 /* LaunchScreen.storyboard */ = {
			isa = PBXVariantGroup;
			children = (
				0DEFA21B234E67D9006792D3 /* Base */,
			);
			name = LaunchScreen.storyboard;
			sourceTree = "<group>";
		};
/* End PBXVariantGroup section */

/* Begin XCBuildConfiguration section */
		0DEFA234234E67D9006792D3 /* Debug */ = {
			isa = XCBuildConfiguration;
			buildSettings = {
				ALWAYS_SEARCH_USER_PATHS = NO;
				CLANG_ANALYZER_NONNULL = YES;
				CLANG_ANALYZER_NUMBER_OBJECT_CONVERSION = YES_AGGRESSIVE;
				CLANG_CXX_LANGUAGE_STANDARD = "gnu++14";
				CLANG_CXX_LIBRARY = "libc++";
				CLANG_ENABLE_MODULES = YES;
				CLANG_ENABLE_OBJC_ARC = YES;
				CLANG_ENABLE_OBJC_WEAK = YES;
				CLANG_WARN_BLOCK_CAPTURE_AUTORELEASING = YES;
				CLANG_WARN_BOOL_CONVERSION = YES;
				CLANG_WARN_COMMA = YES;
				CLANG_WARN_CONSTANT_CONVERSION = YES;
				CLANG_WARN_DEPRECATED_OBJC_IMPLEMENTATIONS = YES;
				CLANG_WARN_DIRECT_OBJC_ISA_USAGE = YES_ERROR;
				CLANG_WARN_DOCUMENTATION_COMMENTS = YES;
				CLANG_WARN_EMPTY_BODY = YES;
				CLANG_WARN_ENUM_CONVERSION = YES;
				CLANG_WARN_INFINITE_RECURSION = YES;
				CLANG_WARN_INT_CONVERSION = YES;
				CLANG_WARN_NON_LITERAL_NULL_CONVERSION = YES;
				CLANG_WARN_OBJC_IMPLICIT_RETAIN_SELF = YES;
				CLANG_WARN_OBJC_LITERAL_CONVERSION = YES;
				CLANG_WARN_OBJC_ROOT_CLASS = YES_ERROR;
				CLANG_WARN_RANGE_LOOP_ANALYSIS = YES;
				CLANG_WARN_STRICT_PROTOTYPES = YES;
				CLANG_WARN_SUSPICIOUS_MOVE = YES;
				CLANG_WARN_UNGUARDED_AVAILABILITY = YES_AGGRESSIVE;
				CLANG_WARN_UNREACHABLE_CODE = YES;
				CLANG_WARN__DUPLICATE_METHOD_MATCH = YES;
				COPY_PHASE_STRIP = NO;
				DEBUG_INFORMATION_FORMAT = dwarf;
				ENABLE_STRICT_OBJC_MSGSEND = YES;
				ENABLE_TESTABILITY = YES;
				GCC_C_LANGUAGE_STANDARD = gnu11;
				GCC_DYNAMIC_NO_PIC = NO;
				GCC_NO_COMMON_BLOCKS = YES;
				GCC_OPTIMIZATION_LEVEL = 0;
				GCC_PREPROCESSOR_DEFINITIONS = (
					"DEBUG=1",
					"$(inherited)",
				);
				GCC_WARN_64_TO_32_BIT_CONVERSION = YES;
				GCC_WARN_ABOUT_RETURN_TYPE = YES_ERROR;
				GCC_WARN_UNDECLARED_SELECTOR = YES;
				GCC_WARN_UNINITIALIZED_AUTOS = YES_AGGRESSIVE;
				GCC_WARN_UNUSED_FUNCTION = YES;
				GCC_WARN_UNUSED_VARIABLE = YES;
				IPHONEOS_DEPLOYMENT_TARGET = 13.0;
				MTL_ENABLE_DEBUG_INFO = INCLUDE_SOURCE;
				MTL_FAST_MATH = YES;
				ONLY_ACTIVE_ARCH = YES;
				SDKROOT = iphoneos;
				SWIFT_ACTIVE_COMPILATION_CONDITIONS = DEBUG;
				SWIFT_OPTIMIZATION_LEVEL = "-Onone";
			};
			name = Debug;
		};
		0DEFA235234E67D9006792D3 /* Release */ = {
			isa = XCBuildConfiguration;
			buildSettings = {
				ALWAYS_SEARCH_USER_PATHS = NO;
				CLANG_ANALYZER_NONNULL = YES;
				CLANG_ANALYZER_NUMBER_OBJECT_CONVERSION = YES_AGGRESSIVE;
				CLANG_CXX_LANGUAGE_STANDARD = "gnu++14";
				CLANG_CXX_LIBRARY = "libc++";
				CLANG_ENABLE_MODULES = YES;
				CLANG_ENABLE_OBJC_ARC = YES;
				CLANG_ENABLE_OBJC_WEAK = YES;
				CLANG_WARN_BLOCK_CAPTURE_AUTORELEASING = YES;
				CLANG_WARN_BOOL_CONVERSION = YES;
				CLANG_WARN_COMMA = YES;
				CLANG_WARN_CONSTANT_CONVERSION = YES;
				CLANG_WARN_DEPRECATED_OBJC_IMPLEMENTATIONS = YES;
				CLANG_WARN_DIRECT_OBJC_ISA_USAGE = YES_ERROR;
				CLANG_WARN_DOCUMENTATION_COMMENTS = YES;
				CLANG_WARN_EMPTY_BODY = YES;
				CLANG_WARN_ENUM_CONVERSION = YES;
				CLANG_WARN_INFINITE_RECURSION = YES;
				CLANG_WARN_INT_CONVERSION = YES;
				CLANG_WARN_NON_LITERAL_NULL_CONVERSION = YES;
				CLANG_WARN_OBJC_IMPLICIT_RETAIN_SELF = YES;
				CLANG_WARN_OBJC_LITERAL_CONVERSION = YES;
				CLANG_WARN_OBJC_ROOT_CLASS = YES_ERROR;
				CLANG_WARN_RANGE_LOOP_ANALYSIS = YES;
				CLANG_WARN_STRICT_PROTOTYPES = YES;
				CLANG_WARN_SUSPICIOUS_MOVE = YES;
				CLANG_WARN_UNGUARDED_AVAILABILITY = YES_AGGRESSIVE;
				CLANG_WARN_UNREACHABLE_CODE = YES;
				CLANG_WARN__DUPLICATE_METHOD_MATCH = YES;
				COPY_PHASE_STRIP = NO;
				DEBUG_INFORMATION_FORMAT = "dwarf-with-dsym";
				ENABLE_NS_ASSERTIONS = NO;
				ENABLE_STRICT_OBJC_MSGSEND = YES;
				GCC_C_LANGUAGE_STANDARD = gnu11;
				GCC_NO_COMMON_BLOCKS = YES;
				GCC_WARN_64_TO_32_BIT_CONVERSION = YES;
				GCC_WARN_ABOUT_RETURN_TYPE = YES_ERROR;
				GCC_WARN_UNDECLARED_SELECTOR = YES;
				GCC_WARN_UNINITIALIZED_AUTOS = YES_AGGRESSIVE;
				GCC_WARN_UNUSED_FUNCTION = YES;
				GCC_WARN_UNUSED_VARIABLE = YES;
				IPHONEOS_DEPLOYMENT_TARGET = 13.0;
				MTL_ENABLE_DEBUG_INFO = NO;
				MTL_FAST_MATH = YES;
				SDKROOT = iphoneos;
				SWIFT_COMPILATION_MODE = wholemodule;
				SWIFT_OPTIMIZATION_LEVEL = "-O";
				VALIDATE_PRODUCT = YES;
			};
			name = Release;
		};
		0DEFA237234E67D9006792D3 /* Debug */ = {
			isa = XCBuildConfiguration;
			baseConfigurationReference = 03D74F2D5BFD9971FC3D45B1 /* Pods-Climawatch.debug.xcconfig */;
			buildSettings = {
				ASSETCATALOG_COMPILER_APPICON_NAME = AppIcon;
				CODE_SIGN_IDENTITY = "Apple Development";
				CODE_SIGN_STYLE = Automatic;
				DEVELOPMENT_TEAM = 737L5PV597;
				INFOPLIST_FILE = Climawatch/Info.plist;
				LD_RUNPATH_SEARCH_PATHS = (
					"$(inherited)",
					"@executable_path/Frameworks",
				);
				PRODUCT_BUNDLE_IDENTIFIER = opapps.Climawatch;
				PRODUCT_NAME = "$(TARGET_NAME)";
				PROVISIONING_PROFILE_SPECIFIER = "";
				SWIFT_VERSION = 5.0;
				TARGETED_DEVICE_FAMILY = "1,2";
			};
			name = Debug;
		};
		0DEFA238234E67D9006792D3 /* Release */ = {
			isa = XCBuildConfiguration;
			baseConfigurationReference = 973B334AD78C08E642BDA32E /* Pods-Climawatch.release.xcconfig */;
			buildSettings = {
				ASSETCATALOG_COMPILER_APPICON_NAME = AppIcon;
				CODE_SIGN_IDENTITY = "Apple Development";
				CODE_SIGN_STYLE = Automatic;
				DEVELOPMENT_TEAM = 737L5PV597;
				INFOPLIST_FILE = Climawatch/Info.plist;
				LD_RUNPATH_SEARCH_PATHS = (
					"$(inherited)",
					"@executable_path/Frameworks",
				);
				PRODUCT_BUNDLE_IDENTIFIER = opapps.Climawatch;
				PRODUCT_NAME = "$(TARGET_NAME)";
				PROVISIONING_PROFILE_SPECIFIER = "";
				SWIFT_VERSION = 5.0;
				TARGETED_DEVICE_FAMILY = "1,2";
			};
			name = Release;
		};
		0DEFA23A234E67D9006792D3 /* Debug */ = {
			isa = XCBuildConfiguration;
			baseConfigurationReference = 8A682720114BC287C2ABB721 /* Pods-ClimawatchTests.debug.xcconfig */;
			buildSettings = {
				ALWAYS_EMBED_SWIFT_STANDARD_LIBRARIES = YES;
				BUNDLE_LOADER = "$(TEST_HOST)";
				CODE_SIGN_STYLE = Automatic;
				DEVELOPMENT_TEAM = 737L5PV597;
				INFOPLIST_FILE = ClimawatchTests/Info.plist;
				IPHONEOS_DEPLOYMENT_TARGET = 13.0;
				LD_RUNPATH_SEARCH_PATHS = (
					"$(inherited)",
					"@executable_path/Frameworks",
					"@loader_path/Frameworks",
				);
				PRODUCT_BUNDLE_IDENTIFIER = opapps.ClimawatchTests;
				PRODUCT_NAME = "$(TARGET_NAME)";
				SWIFT_VERSION = 5.0;
				TARGETED_DEVICE_FAMILY = "1,2";
				TEST_HOST = "$(BUILT_PRODUCTS_DIR)/Climawatch.app/Climawatch";
			};
			name = Debug;
		};
		0DEFA23B234E67D9006792D3 /* Release */ = {
			isa = XCBuildConfiguration;
			baseConfigurationReference = F520EE081C24D4A0462301AF /* Pods-ClimawatchTests.release.xcconfig */;
			buildSettings = {
				ALWAYS_EMBED_SWIFT_STANDARD_LIBRARIES = YES;
				BUNDLE_LOADER = "$(TEST_HOST)";
				CODE_SIGN_STYLE = Automatic;
				DEVELOPMENT_TEAM = 737L5PV597;
				INFOPLIST_FILE = ClimawatchTests/Info.plist;
				IPHONEOS_DEPLOYMENT_TARGET = 13.0;
				LD_RUNPATH_SEARCH_PATHS = (
					"$(inherited)",
					"@executable_path/Frameworks",
					"@loader_path/Frameworks",
				);
				PRODUCT_BUNDLE_IDENTIFIER = opapps.ClimawatchTests;
				PRODUCT_NAME = "$(TARGET_NAME)";
				SWIFT_VERSION = 5.0;
				TARGETED_DEVICE_FAMILY = "1,2";
				TEST_HOST = "$(BUILT_PRODUCTS_DIR)/Climawatch.app/Climawatch";
			};
			name = Release;
		};
		0DEFA23D234E67D9006792D3 /* Debug */ = {
			isa = XCBuildConfiguration;
			baseConfigurationReference = B1A24994878DBDC0A9A605D3 /* Pods-Climawatch-ClimawatchUITests.debug.xcconfig */;
			buildSettings = {
				ALWAYS_EMBED_SWIFT_STANDARD_LIBRARIES = YES;
				CODE_SIGN_STYLE = Automatic;
				DEVELOPMENT_TEAM = 737L5PV597;
				INFOPLIST_FILE = ClimawatchUITests/Info.plist;
				LD_RUNPATH_SEARCH_PATHS = (
					"$(inherited)",
					"@executable_path/Frameworks",
					"@loader_path/Frameworks",
				);
				PRODUCT_BUNDLE_IDENTIFIER = opapps.ClimawatchUITests;
				PRODUCT_NAME = "$(TARGET_NAME)";
				SWIFT_VERSION = 5.0;
				TARGETED_DEVICE_FAMILY = "1,2";
				TEST_TARGET_NAME = Climawatch;
			};
			name = Debug;
		};
		0DEFA23E234E67D9006792D3 /* Release */ = {
			isa = XCBuildConfiguration;
			baseConfigurationReference = B00B603DC245C829DC91E3A4 /* Pods-Climawatch-ClimawatchUITests.release.xcconfig */;
			buildSettings = {
				ALWAYS_EMBED_SWIFT_STANDARD_LIBRARIES = YES;
				CODE_SIGN_STYLE = Automatic;
				DEVELOPMENT_TEAM = 737L5PV597;
				INFOPLIST_FILE = ClimawatchUITests/Info.plist;
				LD_RUNPATH_SEARCH_PATHS = (
					"$(inherited)",
					"@executable_path/Frameworks",
					"@loader_path/Frameworks",
				);
				PRODUCT_BUNDLE_IDENTIFIER = opapps.ClimawatchUITests;
				PRODUCT_NAME = "$(TARGET_NAME)";
				SWIFT_VERSION = 5.0;
				TARGETED_DEVICE_FAMILY = "1,2";
				TEST_TARGET_NAME = Climawatch;
			};
			name = Release;
		};
/* End XCBuildConfiguration section */

/* Begin XCConfigurationList section */
		0DEFA207234E67D8006792D3 /* Build configuration list for PBXProject "Climawatch" */ = {
			isa = XCConfigurationList;
			buildConfigurations = (
				0DEFA234234E67D9006792D3 /* Debug */,
				0DEFA235234E67D9006792D3 /* Release */,
			);
			defaultConfigurationIsVisible = 0;
			defaultConfigurationName = Release;
		};
		0DEFA236234E67D9006792D3 /* Build configuration list for PBXNativeTarget "Climawatch" */ = {
			isa = XCConfigurationList;
			buildConfigurations = (
				0DEFA237234E67D9006792D3 /* Debug */,
				0DEFA238234E67D9006792D3 /* Release */,
			);
			defaultConfigurationIsVisible = 0;
			defaultConfigurationName = Release;
		};
		0DEFA239234E67D9006792D3 /* Build configuration list for PBXNativeTarget "ClimawatchTests" */ = {
			isa = XCConfigurationList;
			buildConfigurations = (
				0DEFA23A234E67D9006792D3 /* Debug */,
				0DEFA23B234E67D9006792D3 /* Release */,
			);
			defaultConfigurationIsVisible = 0;
			defaultConfigurationName = Release;
		};
		0DEFA23C234E67D9006792D3 /* Build configuration list for PBXNativeTarget "ClimawatchUITests" */ = {
			isa = XCConfigurationList;
			buildConfigurations = (
				0DEFA23D234E67D9006792D3 /* Debug */,
				0DEFA23E234E67D9006792D3 /* Release */,
			);
			defaultConfigurationIsVisible = 0;
			defaultConfigurationName = Release;
		};
/* End XCConfigurationList section */
	};
	rootObject = 0DEFA204234E67D8006792D3 /* Project object */;
}
